{
  "name": "hackaton-upm-2026",
  "lockfileVersion": 3,
  "requires": true,
  "packages": {
    "": {
      "dependencies": {
        "@rails/actioncable": "^8.1.200",
        "keycloak-js": "^26.2.3"
      }
    },
    "node_modules/@rails/actioncable": {
      "version": "8.1.200",
      "resolved": "https://registry.npmjs.org/@rails/actioncable/-/actioncable-8.1.200.tgz",
      "integrity": "sha512-on0DSb7AFUkq1ocxivDNQhhGW/RQpY91zvRVyyaEWP4gOOZWy33P/UyxjQk74IENWNrTqs8+zOGHwTjiiFruRw=="
    },
    "node_modules/keycloak-js": {
      "version": "26.2.3",
      "resolved": "https://registry.npmjs.org/keycloak-js/-/keycloak-js-26.2.3.tgz",
      "integrity": "sha512-widjzw/9T6bHRgEp6H/Se3NCCarU7u5CwFKBcwtu7xfA1IfdZb+7Q7/KGusAnBo34Vtls8Oz9vzSqkQvQ7+b4Q=="
    }
  }
}
